// !$*UTF8*$!
{
	archiveVersion = 1;
	classes = {
	};
	objectVersion = 46;
	objects = {

/* Begin PBXBuildFile section */
		49276C9D1D4AA0D800738745 /* AppDelegate.swift in Sources */ = {isa = PBXBuildFile; fileRef = 49276C9C1D4AA0D800738745 /* AppDelegate.swift */; };
		49276C9F1D4AA0D800738745 /* ViewController.swift in Sources */ = {isa = PBXBuildFile; fileRef = 49276C9E1D4AA0D800738745 /* ViewController.swift */; };
		49276CA21D4AA0D800738745 /* Main.storyboard in Resources */ = {isa = PBXBuildFile; fileRef = 49276CA01D4AA0D800738745 /* Main.storyboard */; };
		49276CA41D4AA0D800738745 /* Assets.xcassets in Resources */ = {isa = PBXBuildFile; fileRef = 49276CA31D4AA0D800738745 /* Assets.xcassets */; };
		49276CA71D4AA0D800738745 /* LaunchScreen.storyboard in Resources */ = {isa = PBXBuildFile; fileRef = 49276CA51D4AA0D800738745 /* LaunchScreen.storyboard */; };
		49276CB21D4AA0D900738745 /* SuperCoolTests.swift in Sources */ = {isa = PBXBuildFile; fileRef = 49276CB11D4AA0D900738745 /* SuperCoolTests.swift */; };
/* End PBXBuildFile section */

/* Begin PBXContainerItemProxy section */
		49276CAE1D4AA0D900738745 /* PBXContainerItemProxy */ = {
			isa = PBXContainerItemProxy;
			containerPortal = 49276C911D4AA0D800738745 /* Project object */;
			proxyType = 1;
			remoteGlobalIDString = 49276C981D4AA0D800738745;
			remoteInfo = SuperCool;
		};
/* End PBXContainerItemProxy section */

/* Begin PBXFileReference section */
		49276C991D4AA0D800738745 /* SuperCool.app */ = {isa = PBXFileReference; explicitFileType = wrapper.application; includeInIndex = 0; path = SuperCool.app; sourceTree = BUILT_PRODUCTS_DIR; };
		49276C9C1D4AA0D800738745 /* AppDelegate.swift */ = {isa = PBXFileReference; lastKnownFileType = sourcecode.swift; path = AppDelegate.swift; sourceTree = "<group>"; };
		49276C9E1D4AA0D800738745 /* ViewController.swift */ = {isa = PBXFileReference; lastKnownFileType = sourcecode.swift; path = ViewController.swift; sourceTree = "<group>"; };
		49276CA11D4AA0D800738745 /* Base */ = {isa = PBXFileReference; lastKnownFileType = file.storyboard; name = Base; path = Base.lproj/Main.storyboard; sourceTree = "<group>"; };
		49276CA31D4AA0D800738745 /* Assets.xcassets */ = {isa = PBXFileReference; lastKnownFileType = folder.assetcatalog; path = Assets.xcassets; sourceTree = "<group>"; };
		49276CA61D4AA0D800738745 /* Base */ = {isa = PBXFileReference; lastKnownFileType = file.storyboard; name = Base; path = Base.lproj/LaunchScreen.storyboard; sourceTree = "<group>"; };
		49276CA81D4AA0D800738745 /* Info.plist */ = {isa = PBXFileReference; lastKnownFileType = text.plist.xml; path = Info.plist; sourceTree = "<group>"; };
		49276CAD1D4AA0D900738745 /* SuperCoolTests.xctest */ = {isa = PBXFileReference; explicitFileType = wrapper.cfbundle; includeInIndex = 0; path = SuperCoolTests.xctest; sourceTree = BUILT_PRODUCTS_DIR; };
		49276CB11D4AA0D900738745 /* SuperCoolTests.swift */ = {isa = PBXFileReference; lastKnownFileType = sourcecode.swift; path = SuperCoolTests.swift; sourceTree = "<group>"; };
		49276CB31D4AA0D900738745 /* Info.plist */ = {isa = PBXFileReference; lastKnownFileType = text.plist.xml; path = Info.plist; sourceTree = "<group>"; };
/* End PBXFileReference section */

/* Begin PBXFrameworksBuildPhase section */
		49276C961D4AA0D800738745 /* Frameworks */ = {
			isa = PBXFrameworksBuildPhase;
			buildActionMask = 2147483647;
			files = (
			);
			runOnlyForDeploymentPostprocessing = 0;
		};
		49276CAA1D4AA0D900738745 /* Frameworks */ = {
			isa = PBXFrameworksBuildPhase;
			buildActionMask = 2147483647;
			files = (
			);
			runOnlyForDeploymentPostprocessing = 0;
		};
/* End PBXFrameworksBuildPhase section */

/* Begin PBXGroup section */
		49276C901D4AA0D800738745 = {
			isa = PBXGroup;
			children = (
				49276C9B1D4AA0D800738745 /* SuperCool */,
				49276CB01D4AA0D900738745 /* SuperCoolTests */,
				49276C9A1D4AA0D800738745 /* Products */,
			);
			sourceTree = "<group>";
		};
		49276C9A1D4AA0D800738745 /* Products */ = {
			isa = PBXGroup;
			children = (
				49276C991D4AA0D800738745 /* SuperCool.app */,
				49276CAD1D4AA0D900738745 /* SuperCoolTests.xctest */,
			);
			name = Products;
			sourceTree = "<group>";
		};
		49276C9B1D4AA0D800738745 /* SuperCool */ = {
			isa = PBXGroup;
			children = (
				49276C9C1D4AA0D800738745 /* AppDelegate.swift */,
				49276C9E1D4AA0D800738745 /* ViewController.swift */,
				49276CA01D4AA0D800738745 /* Main.storyboard */,
				49276CA31D4AA0D800738745 /* Assets.xcassets */,
				49276CA51D4AA0D800738745 /* LaunchScreen.storyboard */,
				49276CA81D4AA0D800738745 /* Info.plist */,
			);
			path = SuperCool;
			sourceTree = "<group>";
		};
		49276CB01D4AA0D900738745 /* SuperCoolTests */ = {
			isa = PBXGroup;
			children = (
				49276CB11D4AA0D900738745 /* SuperCoolTests.swift */,
				49276CB31D4AA0D900738745 /* Info.plist */,
			);
			path = SuperCoolTests;
			sourceTree = "<group>";
		};
/* End PBXGroup section */

/* Begin PBXNativeTarget section */
		49276C981D4AA0D800738745 /* SuperCool */ = {
			isa = PBXNativeTarget;
			buildConfigurationList = 49276CB61D4AA0D900738745 /* Build configuration list for PBXNativeTarget "SuperCool" */;
			buildPhases = (
				49276C951D4AA0D800738745 /* Sources */,
				49276C961D4AA0D800738745 /* Frameworks */,
				49276C971D4AA0D800738745 /* Resources */,
			);
			buildRules = (
			);
			dependencies = (
			);
			name = SuperCool;
			productName = SuperCool;
			productReference = 49276C991D4AA0D800738745 /* SuperCool.app */;
			productType = "com.apple.product-type.application";
		};
		49276CAC1D4AA0D900738745 /* SuperCoolTests */ = {
			isa = PBXNativeTarget;
			buildConfigurationList = 49276CB91D4AA0D900738745 /* Build configuration list for PBXNativeTarget "SuperCoolTests" */;
			buildPhases = (
				49276CA91D4AA0D900738745 /* Sources */,
				49276CAA1D4AA0D900738745 /* Frameworks */,
				49276CAB1D4AA0D900738745 /* Resources */,
			);
			buildRules = (
			);
			dependencies = (
				49276CAF1D4AA0D900738745 /* PBXTargetDependency */,
			);
			name = SuperCoolTests;
			productName = SuperCoolTests;
			productReference = 49276CAD1D4AA0D900738745 /* SuperCoolTests.xctest */;
			productType = "com.apple.product-type.bundle.unit-test";
		};
/* End PBXNativeTarget section */

/* Begin PBXProject section */
		49276C911D4AA0D800738745 /* Project object */ = {
			isa = PBXProject;
			attributes = {
				LastSwiftUpdateCheck = 0730;
				LastUpgradeCheck = 0730;
				ORGANIZATIONNAME = "Yijin Huang";
				TargetAttributes = {
					49276C981D4AA0D800738745 = {
						CreatedOnToolsVersion = 7.3.1;
					};
					49276CAC1D4AA0D900738745 = {
						CreatedOnToolsVersion = 7.3.1;
						TestTargetID = 49276C981D4AA0D800738745;
					};
				};
			};
			buildConfigurationList = 49276C941D4AA0D800738745 /* Build configuration list for PBXProject "SuperCool" */;
			compatibilityVersion = "Xcode 3.2";
			developmentRegion = English;
			hasScannedForEncodings = 0;
			knownRegions = (
				en,
				Base,
			);
			mainGroup = 49276C901D4AA0D800738745;
			productRefGroup = 49276C9A1D4AA0D800738745 /* Products */;
			projectDirPath = "";
			projectRoot = "";
			targets = (
				49276C981D4AA0D800738745 /* SuperCool */,
				49276CAC1D4AA0D900738745 /* SuperCoolTests */,
			);
		};
/* End PBXProject section */

/* Begin PBXResourcesBuildPhase section */
		49276C971D4AA0D800738745 /* Resources */ = {
			isa = PBXResourcesBuildPhase;
			buildActionMask = 2147483647;
			files = (
				49276CA71D4AA0D800738745 /* LaunchScreen.storyboard in Resources */,
				49276CA41D4AA0D800738745 /* Assets.xcassets in Resources */,
				49276CA21D4AA0D800738745 /* Main.storyboard in Resources */,
			);
			runOnlyForDeploymentPostprocessing = 0;
		};
		49276CAB1D4AA0D900738745 /* Resources */ = {
			isa = PBXResourcesBuildPhase;
			buildActionMask = 2147483647;
			files = (
			);
			runOnlyForDeploymentPostprocessing = 0;
		};
/* End PBXResourcesBuildPhase section */

/* Begin PBXSourcesBuildPhase section */
		49276C951D4AA0D800738745 /* Sources */ = {
			isa = PBXSourcesBuildPhase;
			buildActionMask = 2147483647;
			files = (
				49276C9F1D4AA0D800738745 /* ViewController.swift in Sources */,
				49276C9D1D4AA0D800738745 /* AppDelegate.swift in Sources */,
			);
			runOnlyForDeploymentPostprocessing = 0;
		};
		49276CA91D4AA0D900738745 /* Sources */ = {
			isa = PBXSourcesBuildPhase;
			buildActionMask = 2147483647;
			files = (
				49276CB21D4AA0D900738745 /* SuperCoolTests.swift in Sources */,
			);
			runOnlyForDeploymentPostprocessing = 0;
		};
/* End PBXSourcesBuildPhase section */

/* Begin PBXTargetDependency section */
		49276CAF1D4AA0D900738745 /* PBXTargetDependency */ = {
			isa = PBXTargetDependency;
			target = 49276C981D4AA0D800738745 /* SuperCool */;
			targetProxy = 49276CAE1D4AA0D900738745 /* PBXContainerItemProxy */;
		};
/* End PBXTargetDependency section */

/* Begin PBXVariantGroup section */
		49276CA01D4AA0D800738745 /* Main.storyboard */ = {
			isa = PBXVariantGroup;
			children = (
				49276CA11D4AA0D800738745 /* Base */,
			);
			name = Main.storyboard;
			sourceTree = "<group>";
		};
		49276CA51D4AA0D800738745 /* LaunchScreen.storyboard */ = {
			isa = PBXVariantGroup;
			children = (
				49276CA61D4AA0D800738745 /* Base */,
			);
			name = LaunchScreen.storyboard;
			sourceTree = "<group>";
		};
/* End PBXVariantGroup section */

/* Begin XCBuildConfiguration section */
		49276CB41D4AA0D900738745 /* Debug */ = {
			isa = XCBuildConfiguration;
			buildSettings = {
				ALWAYS_SEARCH_USER_PATHS = NO;
				CLANG_ANALYZER_NONNULL = YES;
				CLANG_CXX_LANGUAGE_STANDARD = "gnu++0x";
				CLANG_CXX_LIBRARY = "libc++";
				CLANG_ENABLE_MODULES = YES;
				CLANG_ENABLE_OBJC_ARC = YES;
				CLANG_WARN_BOOL_CONVERSION = YES;
				CLANG_WARN_CONSTANT_CONVERSION = YES;
				CLANG_WARN_DIRECT_OBJC_ISA_USAGE = YES_ERROR;
				CLANG_WARN_EMPTY_BODY = YES;
				CLANG_WARN_ENUM_CONVERSION = YES;
				CLANG_WARN_INT_CONVERSION = YES;
				CLANG_WARN_OBJC_ROOT_CLASS = YES_ERROR;
				CLANG_WARN_UNREACHABLE_CODE = YES;
				CLANG_WARN__DUPLICATE_METHOD_MATCH = YES;
				"CODE_SIGN_IDENTITY[sdk=iphoneos*]" = "iPhone Developer";
				COPY_PHASE_STRIP = NO;
				DEBUG_INFORMATION_FORMAT = dwarf;
				ENABLE_STRICT_OBJC_MSGSEND = YES;
				ENABLE_TESTABILITY = YES;
				GCC_C_LANGUAGE_STANDARD = gnu99;
				GCC_DYNAMIC_NO_PIC = NO;
				GCC_NO_COMMON_BLOCKS = YES;
				GCC_OPTIMIZATION_LEVEL = 0;
				GCC_PREPROCESSOR_DEFINITIONS = (
					"DEBUG=1",
					"$(inherited)",
				);
				GCC_WARN_64_TO_32_BIT_CONVERSION = YES;
				GCC_WARN_ABOUT_RETURN_TYPE = YES_ERROR;
				GCC_WARN_UNDECLARED_SELECTOR = YES;
				GCC_WARN_UNINITIALIZED_AUTOS = YES_AGGRESSIVE;
				GCC_WARN_UNUSED_FUNCTION = YES;
				GCC_WARN_UNUSED_VARIABLE = YES;
				IPHONEOS_DEPLOYMENT_TARGET = 9.3;
				MTL_ENABLE_DEBUG_INFO = YES;
				ONLY_ACTIVE_ARCH = YES;
				SDKROOT = iphoneos;
				SWIFT_OPTIMIZATION_LEVEL = "-Onone";
			};
			name = Debug;
		};
		49276CB51D4AA0D900738745 /* Release */ = {
			isa = XCBuildConfiguration;
			buildSettings = {
				ALWAYS_SEARCH_USER_PATHS = NO;
				CLANG_ANALYZER_NONNULL = YES;
				CLANG_CXX_LANGUAGE_STANDARD = "gnu++0x";
				CLANG_CXX_LIBRARY = "libc++";
				CLANG_ENABLE_MODULES = YES;
				CLANG_ENABLE_OBJC_ARC = YES;
				CLANG_WARN_BOOL_CONVERSION = YES;
				CLANG_WARN_CONSTANT_CONVERSION = YES;
				CLANG_WARN_DIRECT_OBJC_ISA_USAGE = YES_ERROR;
				CLANG_WARN_EMPTY_BODY = YES;
				CLANG_WARN_ENUM_CONVERSION = YES;
				CLANG_WARN_INT_CONVERSION = YES;
				CLANG_WARN_OBJC_ROOT_CLASS = YES_ERROR;
				CLANG_WARN_UNREACHABLE_CODE = YES;
				CLANG_WARN__DUPLICATE_METHOD_MATCH = YES;
				"CODE_SIGN_IDENTITY[sdk=iphoneos*]" = "iPhone Developer";
				COPY_PHASE_STRIP = NO;
				DEBUG_INFORMATION_FORMAT = "dwarf-with-dsym";
				ENABLE_NS_ASSERTIONS = NO;
				ENABLE_STRICT_OBJC_MSGSEND = YES;
				GCC_C_LANGUAGE_STANDARD = gnu99;
				GCC_NO_COMMON_BLOCKS = YES;
				GCC_WARN_64_TO_32_BIT_CONVERSION = YES;
				GCC_WARN_ABOUT_RETURN_TYPE = YES_ERROR;
				GCC_WARN_UNDECLARED_SELECTOR = YES;
				GCC_WARN_UNINITIALIZED_AUTOS = YES_AGGRESSIVE;
				GCC_WARN_UNUSED_FUNCTION = YES;
				GCC_WARN_UNUSED_VARIABLE = YES;
				IPHONEOS_DEPLOYMENT_TARGET = 9.3;
				MTL_ENABLE_DEBUG_INFO = NO;
				SDKROOT = iphoneos;
				VALIDATE_PRODUCT = YES;
			};
			name = Release;
		};
		49276CB71D4AA0D900738745 /* Debug */ = {
			isa = XCBuildConfiguration;
			buildSettings = {
				ASSETCATALOG_COMPILER_APPICON_NAME = AppIcon;
				INFOPLIST_FILE = SuperCool/Info.plist;
				LD_RUNPATH_SEARCH_PATHS = "$(inherited) @executable_path/Frameworks";
				PRODUCT_BUNDLE_IDENTIFIER = com.YijinHuang.SuperCool;
				PRODUCT_NAME = "$(TARGET_NAME)";
			};
			name = Debug;
		};
		49276CB81D4AA0D900738745 /* Release */ = {
			isa = XCBuildConfiguration;
			buildSettings = {
				ASSETCATALOG_COMPILER_APPICON_NAME = AppIcon;
				INFOPLIST_FILE = SuperCool/Info.plist;
				LD_RUNPATH_SEARCH_PATHS = "$(inherited) @executable_path/Frameworks";
				PRODUCT_BUNDLE_IDENTIFIER = com.YijinHuang.SuperCool;
				PRODUCT_NAME = "$(TARGET_NAME)";
			};
			name = Release;
		};
		49276CBA1D4AA0D900738745 /* Debug */ = {
			isa = XCBuildConfiguration;
			buildSettings = {
				BUNDLE_LOADER = "$(TEST_HOST)";
				INFOPLIST_FILE = SuperCoolTests/Info.plist;
				LD_RUNPATH_SEARCH_PATHS = "$(inherited) @executable_path/Frameworks @loader_path/Frameworks";
				PRODUCT_BUNDLE_IDENTIFIER = com.YijinHuang.SuperCoolTests;
				PRODUCT_NAME = "$(TARGET_NAME)";
				TEST_HOST = "$(BUILT_PRODUCTS_DIR)/SuperCool.app/SuperCool";
			};
			name = Debug;
		};
		49276CBB1D4AA0D900738745 /* Release */ = {
			isa = XCBuildConfiguration;
			buildSettings = {
				BUNDLE_LOADER = "$(TEST_HOST)";
				INFOPLIST_FILE = SuperCoolTests/Info.plist;
				LD_RUNPATH_SEARCH_PATHS = "$(inherited) @executable_path/Frameworks @loader_path/Frameworks";
				PRODUCT_BUNDLE_IDENTIFIER = com.YijinHuang.SuperCoolTests;
				PRODUCT_NAME = "$(TARGET_NAME)";
				TEST_HOST = "$(BUILT_PRODUCTS_DIR)/SuperCool.app/SuperCool";
			};
			name = Release;
		};
/* End XCBuildConfiguration section */

/* Begin XCConfigurationList section */
		49276C941D4AA0D800738745 /* Build configuration list for PBXProject "SuperCool" */ = {
			isa = XCConfigurationList;
			buildConfigurations = (
				49276CB41D4AA0D900738745 /* Debug */,
				49276CB51D4AA0D900738745 /* Release */,
			);
			defaultConfigurationIsVisible = 0;
			defaultConfigurationName = Release;
		};
		49276CB61D4AA0D900738745 /* Build configuration list for PBXNativeTarget "SuperCool" */ = {
			isa = XCConfigurationList;
			buildConfigurations = (
				49276CB71D4AA0D900738745 /* Debug */,
				49276CB81D4AA0D900738745 /* Release */,
			);
			defaultConfigurationIsVisible = 0;
		};
		49276CB91D4AA0D900738745 /* Build configuration list for PBXNativeTarget "SuperCoolTests" */ = {
			isa = XCConfigurationList;
			buildConfigurations = (
				49276CBA1D4AA0D900738745 /* Debug */,
				49276CBB1D4AA0D900738745 /* Release */,
			);
			defaultConfigurationIsVisible = 0;
		};
/* End XCConfigurationList section */
	};
	rootObject = 49276C911D4AA0D800738745 /* Project object */;
}
